<?xml version="1.0" encoding="utf-8"?>
<Project ToolsVersion="4.0" xmlns="http://schemas.microsoft.com/developer/msbuild/2003">
  <ItemGroup>
    <Filter Include="Source Files">
      <UniqueIdentifier>{4FC737F1-C7A5-4376-A066-2A32D752A2FF}</UniqueIdentifier>
      <Extensions>cpp;c;cc;cxx;c++;cppm;ixx;def;odl;idl;hpj;bat;asm;asmx</Extensions>
    </Filter>
    <Filter Include="Header Files">
      <UniqueIdentifier>{93995380-89BD-4b04-88EB-625FBE52EBFB}</UniqueIdentifier>
      <Extensions>h;hh;hpp;hxx;h++;hm;inl;inc;ipp;xsd</Extensions>
    </Filter>
    <Filter Include="Resource Files">
      <UniqueIdentifier>{67DA6AB6-F800-4c08-8B7A-83BB121AAD01}</UniqueIdentifier>
      <Extensions>rc;ico;cur;bmp;dlg;rc2;rct;bin;rgs;gif;jpg;jpeg;jpe;resx;tiff;tif;png;wav;mfcribbon-ms</Extensions>
    </Filter>
  </ItemGroup>
  <ItemGroup>
    <ClCompile Include="src\Main\Main.cpp">
      <Filter>Source Files</Filter>
    </ClCompile>
    <ClCompile Include="src\Auxiliary\Enable.cpp">
      <Filter>Source Files</Filter>
    </ClCompile>
    <ClCompile Include="src\Auxiliary\Queue.cpp">
      <Filter>Source Files</Filter>
    </ClCompile>
    <ClCompile Include="src\Auxiliary\Run.cpp">
      <Filter>Source Files</Filter>
    </ClCompile>
    <ClCompile Include="src\Auxiliary\TextureManager.cpp">
      <Filter>Source Files</Filter>
    </ClCompile>
    <ClCompile Include="src\Base\Account\Account0.cpp">
      <Filter>Source Files</Filter>
    </ClCompile>
    <ClCompile Include="src\Base\Account\Finance.cpp">
      <Filter>Source Files</Filter>
    </ClCompile>
    <ClCompile Include="src\Base\Account\Price.cpp">
      <Filter>Source Files</Filter>
    </ClCompile>
    <ClCompile Include="src\Base\Account\Turn.cpp">
      <Filter>Source Files</Filter>
    </ClCompile>
    <ClCompile Include="src\Base\Combat\Animation.cpp">
      <Filter>Source Files</Filter>
    </ClCompile>
    <ClCompile Include="src\Base\Combat\AnimationTexture.cpp">
      <Filter>Source Files</Filter>
    </ClCompile>
    <ClCompile Include="src\Base\Combat\Combat0.cpp">
      <Filter>Source Files</Filter>
    </ClCompile>
    <ClCompile Include="src\Base\Combat\Highlight.cpp">
      <Filter>Source Files</Filter>
    </ClCompile>
    <ClCompile Include="src\Base\Combat\Movement.cpp">
      <Filter>Source Files</Filter>
    </ClCompile>
    <ClCompile Include="src\Base\Combat\TileInfo.cpp">
      <Filter>Source Files</Filter>
    </ClCompile>
    <ClCompile Include="src\Base\Combat\Unit.cpp">
      <Filter>Source Files</Filter>
    </ClCompile>
    <ClCompile Include="src\Base\Cursor\Cursor.cpp">
      <Filter>Source Files</Filter>
    </ClCompile>
    <ClCompile Include="src\Base\Cursor\Outline0.cpp">
      <Filter>Source Files</Filter>
    </ClCompile>
    <ClCompile Include="src\Base\Game\Game0.cpp">
      <Filter>Source Files</Filter>
    </ClCompile>
    <ClCompile Include="src\Base\Map\Border.cpp">
      <Filter>Source Files</Filter>
    </ClCompile>
    <ClCompile Include="src\Base\Map\Building0.cpp">
      <Filter>Source Files</Filter>
    </ClCompile>
    <ClCompile Include="src\Base\Map\Corpse0.cpp">
      <Filter>Source Files</Filter>
    </ClCompile>
    <ClCompile Include="src\Base\Map\Grid0.cpp">
      <Filter>Source Files</Filter>
    </ClCompile>
    <ClCompile Include="src\Base\Map\Map0.cpp">
      <Filter>Source Files</Filter>
    </ClCompile>
    <ClCompile Include="src\Base\Map\Tile0.cpp">
      <Filter>Source Files</Filter>
    </ClCompile>
    <ClCompile Include="src\Base\Menu\Frame.cpp">
      <Filter>Source Files</Filter>
    </ClCompile>
    <ClCompile Include="src\Base\Menu\Icon.cpp">
      <Filter>Source Files</Filter>
    </ClCompile>
    <ClCompile Include="src\Base\Menu\Menu0.cpp">
      <Filter>Source Files</Filter>
    </ClCompile>
    <ClCompile Include="src\Base\Menu\Write.cpp">
      <Filter>Source Files</Filter>
    </ClCompile>
    <ClCompile Include="src\Base\Pause\Pause.cpp">
      <Filter>Source Files</Filter>
    </ClCompile>
    <ClCompile Include="src\Base\Pause\Victory.cpp">
      <Filter>Source Files</Filter>
    </ClCompile>
    <ClCompile Include="src\Base\Sound\Sound0.cpp">
      <Filter>Source Files</Filter>
    </ClCompile>
    <ClCompile Include="src\Base\Sound\SoundEffect.cpp">
      <Filter>Source Files</Filter>
    </ClCompile>
    <ClCompile Include="src\Base\Sound\VoiceLine.cpp">
      <Filter>Source Files</Filter>
    </ClCompile>
    <ClCompile Include="src\Main\MainMenu\MainMenu.cpp">
      <Filter>Source Files</Filter>
    </ClCompile>
    <ClCompile Include="src\Main\MainMenu\SelectMap.cpp">
      <Filter>Source Files</Filter>
    </ClCompile>
    <ClCompile Include="src\Main\SDL\InitSDL.cpp">
      <Filter>Source Files</Filter>
    </ClCompile>
    <ClCompile Include="src\Scenario1\Account\Account1.cpp">
      <Filter>Source Files</Filter>
    </ClCompile>
    <ClCompile Include="src\Scenario1\Account\Capture.cpp">
      <Filter>Source Files</Filter>
    </ClCompile>
    <ClCompile Include="src\Scenario1\Account\Vamp.cpp">
      <Filter>Source Files</Filter>
    </ClCompile>
    <ClCompile Include="src\Scenario1\Combat\Combat1.cpp">
      <Filter>Source Files</Filter>
    </ClCompile>
    <ClCompile Include="src\Scenario1\Cursor\Outline1.cpp">
      <Filter>Source Files</Filter>
    </ClCompile>
    <ClCompile Include="src\Scenario1\Game\Game1.cpp">
      <Filter>Source Files</Filter>
    </ClCompile>
    <ClCompile Include="src\Scenario1\Map\Building1.cpp">
      <Filter>Source Files</Filter>
    </ClCompile>
    <ClCompile Include="src\Scenario1\Map\Corpse1.cpp">
      <Filter>Source Files</Filter>
    </ClCompile>
    <ClCompile Include="src\Scenario1\Map\Grid1.cpp">
      <Filter>Source Files</Filter>
    </ClCompile>
    <ClCompile Include="src\Scenario1\Map\Map1.cpp">
      <Filter>Source Files</Filter>
    </ClCompile>
    <ClCompile Include="src\Scenario1\Map\Tile1.cpp">
      <Filter>Source Files</Filter>
    </ClCompile>
    <ClCompile Include="src\Scenario1\Menu\Menu1.cpp">
      <Filter>Source Files</Filter>
    </ClCompile>
    <ClCompile Include="src\Scenario1\Sound\Sound1.cpp">
      <Filter>Source Files</Filter>
    </ClCompile>
    <ClCompile Include="src\Scenario2\Account\Account2.cpp">
      <Filter>Source Files</Filter>
    </ClCompile>
    <ClCompile Include="src\Scenario2\Combat\Combat2.cpp">
      <Filter>Source Files</Filter>
    </ClCompile>
    <ClCompile Include="src\Scenario2\Cursor\Outline2.cpp">
      <Filter>Source Files</Filter>
    </ClCompile>
    <ClCompile Include="src\Scenario2\Game\Game2.cpp">
      <Filter>Source Files</Filter>
    </ClCompile>
    <ClCompile Include="src\Scenario2\Map\Building2.cpp">
      <Filter>Source Files</Filter>
    </ClCompile>
    <ClCompile Include="src\Scenario2\Map\Corpse2.cpp">
      <Filter>Source Files</Filter>
    </ClCompile>
    <ClCompile Include="src\Scenario2\Map\Grid2.cpp">
      <Filter>Source Files</Filter>
    </ClCompile>
    <ClCompile Include="src\Scenario2\Map\Map2.cpp">
      <Filter>Source Files</Filter>
    </ClCompile>
    <ClCompile Include="src\Scenario2\Map\Tile2.cpp">
      <Filter>Source Files</Filter>
    </ClCompile>
    <ClCompile Include="src\Scenario2\Menu\Menu2.cpp">
      <Filter>Source Files</Filter>
    </ClCompile>
    <ClCompile Include="src\Scenario2\Sound\Sound2.cpp">
      <Filter>Source Files</Filter>
    </ClCompile>
    <ClCompile Include="src\Base\Pause\Save.cpp">
      <Filter>Source Files</Filter>
    </ClCompile>
    <ClCompile Include="src\Main\MainMenu\Load.cpp">
      <Filter>Source Files</Filter>
    </ClCompile>
    <ClCompile Include="src\Main\MainMenu\CursorMenu.cpp">
      <Filter>Source Files</Filter>
    </ClCompile>
    <ClCompile Include="src\Main\MainMenu\Text.cpp">
      <Filter>Source Files</Filter>
    </ClCompile>
  </ItemGroup>
  <ItemGroup>
    <ClInclude Include="src\Auxiliary\Enable.h">
      <Filter>Header Files</Filter>
    </ClInclude>
    <ClInclude Include="src\Auxiliary\Language.h">
      <Filter>Header Files</Filter>
    </ClInclude>
    <ClInclude Include="src\Auxiliary\Queue.h">
      <Filter>Header Files</Filter>
    </ClInclude>
    <ClInclude Include="src\Auxiliary\Run.h">
      <Filter>Header Files</Filter>
    </ClInclude>
    <ClInclude Include="src\Auxiliary\TextureManager.h">
      <Filter>Header Files</Filter>
    </ClInclude>
    <ClInclude Include="src\Base\Account\Account0.h">
      <Filter>Header Files</Filter>
    </ClInclude>
    <ClInclude Include="src\Base\Account\Finance.h">
      <Filter>Header Files</Filter>
    </ClInclude>
    <ClInclude Include="src\Base\Account\Price.h">
      <Filter>Header Files</Filter>
    </ClInclude>
    <ClInclude Include="src\Base\Account\Turn.h">
      <Filter>Header Files</Filter>
    </ClInclude>
    <ClInclude Include="src\Base\Combat\Animation.h">
      <Filter>Header Files</Filter>
    </ClInclude>
    <ClInclude Include="src\Base\Combat\AnimationTexture.h">
      <Filter>Header Files</Filter>
    </ClInclude>
    <ClInclude Include="src\Base\Combat\Combat0.h">
      <Filter>Header Files</Filter>
    </ClInclude>
    <ClInclude Include="src\Base\Combat\Highlight.h">
      <Filter>Header Files</Filter>
    </ClInclude>
    <ClInclude Include="src\Base\Combat\Movement.h">
      <Filter>Header Files</Filter>
    </ClInclude>
    <ClInclude Include="src\Base\Combat\TileInfo.h">
      <Filter>Header Files</Filter>
    </ClInclude>
    <ClInclude Include="src\Base\Combat\Unit.h">
      <Filter>Header Files</Filter>
    </ClInclude>
    <ClInclude Include="src\Base\Cursor\Cursor.h">
      <Filter>Header Files</Filter>
    </ClInclude>
    <ClInclude Include="src\Base\Cursor\Outline0.h">
      <Filter>Header Files</Filter>
    </ClInclude>
    <ClInclude Include="src\Base\Game\Game0.h">
      <Filter>Header Files</Filter>
    </ClInclude>
    <ClInclude Include="src\Base\Map\Border.h">
      <Filter>Header Files</Filter>
    </ClInclude>
    <ClInclude Include="src\Base\Map\Building0.h">
      <Filter>Header Files</Filter>
    </ClInclude>
    <ClInclude Include="src\Base\Map\Corpse0.h">
      <Filter>Header Files</Filter>
    </ClInclude>
    <ClInclude Include="src\Base\Map\Grid0.h">
      <Filter>Header Files</Filter>
    </ClInclude>
    <ClInclude Include="src\Base\Map\Map0.h">
      <Filter>Header Files</Filter>
    </ClInclude>
    <ClInclude Include="src\Base\Map\Tile0.h">
      <Filter>Header Files</Filter>
    </ClInclude>
    <ClInclude Include="src\Base\Menu\Frame.h">
      <Filter>Header Files</Filter>
    </ClInclude>
    <ClInclude Include="src\Base\Menu\Icon.h">
      <Filter>Header Files</Filter>
    </ClInclude>
    <ClInclude Include="src\Base\Menu\Menu0.h">
      <Filter>Header Files</Filter>
    </ClInclude>
    <ClInclude Include="src\Base\Menu\Write.h">
      <Filter>Header Files</Filter>
    </ClInclude>
    <ClInclude Include="src\Base\Pause\Pause.h">
      <Filter>Header Files</Filter>
    </ClInclude>
    <ClInclude Include="src\Base\Pause\Victory.h">
      <Filter>Header Files</Filter>
    </ClInclude>
    <ClInclude Include="src\Base\Sound\Sound0.h">
      <Filter>Header Files</Filter>
    </ClInclude>
    <ClInclude Include="src\Base\Sound\SoundEffect.h">
      <Filter>Header Files</Filter>
    </ClInclude>
    <ClInclude Include="src\Base\Sound\VoiceLine.h">
      <Filter>Header Files</Filter>
    </ClInclude>
    <ClInclude Include="src\Main\MainMenu\MainMenu.h">
      <Filter>Header Files</Filter>
    </ClInclude>
    <ClInclude Include="src\Main\MainMenu\SelectMap.h">
      <Filter>Header Files</Filter>
    </ClInclude>
    <ClInclude Include="src\Main\SDL\InitSDL.h">
      <Filter>Header Files</Filter>
    </ClInclude>
    <ClInclude Include="src\Scenario1\Account\Account1.h">
      <Filter>Header Files</Filter>
    </ClInclude>
    <ClInclude Include="src\Scenario1\Account\Capture.h">
      <Filter>Header Files</Filter>
    </ClInclude>
    <ClInclude Include="src\Scenario1\Account\Vamp.h">
      <Filter>Header Files</Filter>
    </ClInclude>
    <ClInclude Include="src\Scenario1\Combat\Combat1.h">
      <Filter>Header Files</Filter>
    </ClInclude>
    <ClInclude Include="src\Scenario1\Cursor\Outline1.h">
      <Filter>Header Files</Filter>
    </ClInclude>
    <ClInclude Include="src\Scenario1\Game\Game1.h">
      <Filter>Header Files</Filter>
    </ClInclude>
    <ClInclude Include="src\Scenario1\Map\Building1.h">
      <Filter>Header Files</Filter>
    </ClInclude>
    <ClInclude Include="src\Scenario1\Map\Corpse1.h">
      <Filter>Header Files</Filter>
    </ClInclude>
    <ClInclude Include="src\Scenario1\Map\Grid1.h">
      <Filter>Header Files</Filter>
    </ClInclude>
    <ClInclude Include="src\Scenario1\Map\Map1.h">
      <Filter>Header Files</Filter>
    </ClInclude>
    <ClInclude Include="src\Scenario1\Map\Tile1.h">
      <Filter>Header Files</Filter>
    </ClInclude>
    <ClInclude Include="src\Scenario1\Menu\Menu1.h">
      <Filter>Header Files</Filter>
    </ClInclude>
    <ClInclude Include="src\Scenario1\Sound\Sound1.h">
      <Filter>Header Files</Filter>
    </ClInclude>
    <ClInclude Include="src\Scenario2\Account\Account2.h">
      <Filter>Header Files</Filter>
    </ClInclude>
    <ClInclude Include="src\Scenario2\Combat\Combat2.h">
      <Filter>Header Files</Filter>
    </ClInclude>
    <ClInclude Include="src\Scenario2\Cursor\Outline2.h">
      <Filter>Header Files</Filter>
    </ClInclude>
    <ClInclude Include="src\Scenario2\Game\Game2.h">
      <Filter>Header Files</Filter>
    </ClInclude>
    <ClInclude Include="src\Scenario2\Map\Building2.h">
      <Filter>Header Files</Filter>
    </ClInclude>
    <ClInclude Include="src\Scenario2\Map\Corpse2.h">
      <Filter>Header Files</Filter>
    </ClInclude>
    <ClInclude Include="src\Scenario2\Map\Grid2.h">
      <Filter>Header Files</Filter>
    </ClInclude>
    <ClInclude Include="src\Scenario2\Map\Map2.h">
      <Filter>Header Files</Filter>
    </ClInclude>
    <ClInclude Include="src\Scenario2\Map\Tile2.h">
      <Filter>Header Files</Filter>
    </ClInclude>
    <ClInclude Include="src\Scenario2\Menu\Menu2.h">
      <Filter>Header Files</Filter>
    </ClInclude>
    <ClInclude Include="src\Scenario2\Sound\Sound2.h">
      <Filter>Header Files</Filter>
    </ClInclude>
    <ClInclude Include="src\Base\Pause\Save.h">
      <Filter>Header Files</Filter>
    </ClInclude>
    <ClInclude Include="src\Main\MainMenu\Load.h">
      <Filter>Header Files</Filter>
    </ClInclude>
    <ClInclude Include="src\Auxiliary\Log.h">
      <Filter>Header Files</Filter>
    </ClInclude>
    <ClInclude Include="src\Main\MainMenu\CursorMenu.h">
      <Filter>Header Files</Filter>
    </ClInclude>
    <ClInclude Include="src\Main\MainMenu\Text.h">
      <Filter>Header Files</Filter>
    </ClInclude>
  </ItemGroup>
  <ItemGroup>
    <Text Include="save.txt" />
  </ItemGroup>
</Project>